
Microsoft Visual Studio Solution File, Format Version 12.00
# Visual Studio Version 17
VisualStudioVersion = 17.7.34202.233
MinimumVisualStudioVersion = 10.0.40219.1
Project("{FAE04EC0-301F-11D3-BF4B-00C04F79EFBC}") = "RingList", "RingList\RingList.csproj", "{AFE7B060-F2B8-4C39-B602-A4BB489F0D55}"
EndProject
Global
	GlobalSection(SolutionConfigurationPlatforms) = preSolution
		Debug|Any CPU = Debug|Any CPU
		Release|Any CPU = Release|Any CPU
	EndGlobalSection
	GlobalSection(ProjectConfigurationPlatforms) = postSolution
		{AFE7B060-F2B8-4C39-B602-A4BB489F0D55}.Debug|Any CPU.ActiveCfg = Debug|Any CPU
		{AFE7B060-F2B8-4C39-B602-A4BB489F0D55}.Debug|Any CPU.Build.0 = Debug|Any CPU
		{AFE7B060-F2B8-4C39-B602-A4BB489F0D55}.Release|Any CPU.ActiveCfg = Release|Any CPU
		{AFE7B060-F2B8-4C39-B602-A4BB489F0D55}.Release|Any CPU.Build.0 = Release|Any CPU
	EndGlobalSection
	GlobalSection(SolutionProperties) = preSolution
		HideSolutionNode = FALSE
	EndGlobalSection
	GlobalSection(ExtensibilityGlobals) = postSolution
		SolutionGuid = {253FCABD-3D6B-4478-ADAB-E46BA83FD32B}
	EndGlobalSection
EndGlobal
